PATH
  remote: .
  specs:
    rmultimarkdown (6.7.0.0)

GEM
  remote: https://rubygems.org/
  specs:
    date (3.5.1)
    erb (6.0.0)
    power_assert (3.0.1)
    psych (5.3.0)
      date
      stringio
    rake (13.3.1)
    rdoc (6.17.0)
      erb
      psych (>= 4.0.0)
      tsort
    stringio (3.1.9)
    test-unit (3.7.3)
      power_assert
    tsort (0.2.0)

PLATFORMS
  arm64-darwin-24
  ruby

DEPENDENCIES
  rake
  rdoc
  rmultimarkdown!
  test-unit

BUNDLED WITH
   2.7.1
